
Microsoft Visual Studio Solution File, Format Version 12.00
# Visual Studio Version 17
VisualStudioVersion = 17.12.35707.178
MinimumVisualStudioVersion = 10.0.40219.1
Project("{FAE04EC0-301F-11D3-BF4B-00C04F79EFBC}") = "Proyecto-Grupo3", "Proyecto-Grupo3.csproj", "{DFEAE0B3-8A2D-46C7-8434-994F0C09FDD2}"
EndProject
Project("{2150E333-8FDC-42A3-9474-1A3956D46DE8}") = "Elementos de la solución", "Elementos de la solución", "{66379420-1B14-44C4-AAEF-7930BB8ECE95}"
EndProject
Global
	GlobalSection(SolutionConfigurationPlatforms) = preSolution
		Debug|Any CPU = Debug|Any CPU
		Release|Any CPU = Release|Any CPU
	EndGlobalSection
	GlobalSection(ProjectConfigurationPlatforms) = postSolution
		{DFEAE0B3-8A2D-46C7-8434-994F0C09FDD2}.Debug|Any CPU.ActiveCfg = Debug|Any CPU
		{DFEAE0B3-8A2D-46C7-8434-994F0C09FDD2}.Debug|Any CPU.Build.0 = Debug|Any CPU
		{DFEAE0B3-8A2D-46C7-8434-994F0C09FDD2}.Debug|Any CPU.Deploy.0 = Debug|Any CPU
		{DFEAE0B3-8A2D-46C7-8434-994F0C09FDD2}.Release|Any CPU.ActiveCfg = Release|Any CPU
		{DFEAE0B3-8A2D-46C7-8434-994F0C09FDD2}.Release|Any CPU.Build.0 = Release|Any CPU
		{DFEAE0B3-8A2D-46C7-8434-994F0C09FDD2}.Release|Any CPU.Deploy.0 = Release|Any CPU
	EndGlobalSection
	GlobalSection(SolutionProperties) = preSolution
		HideSolutionNode = FALSE
	EndGlobalSection
EndGlobal
